
Microsoft Visual Studio Solution File, Format Version 12.00
# Visual Studio Version 16
VisualStudioVersion = 16.0.32228.343
MinimumVisualStudioVersion = 10.0.40219.1
Project("{FAE04EC0-301F-11D3-BF4B-00C04F79EFBC}") = "sudoku", "sudoku\sudoku.csproj", "{7B1B5405-CE7F-48FC-BCEA-C7776E4789CA}"
EndProject
Global
	GlobalSection(SolutionConfigurationPlatforms) = preSolution
		Debug|Any CPU = Debug|Any CPU
		Release|Any CPU = Release|Any CPU
	EndGlobalSection
	GlobalSection(ProjectConfigurationPlatforms) = postSolution
		{7B1B5405-CE7F-48FC-BCEA-C7776E4789CA}.Debug|Any CPU.ActiveCfg = Debug|Any CPU
		{7B1B5405-CE7F-48FC-BCEA-C7776E4789CA}.Debug|Any CPU.Build.0 = Debug|Any CPU
		{7B1B5405-CE7F-48FC-BCEA-C7776E4789CA}.Release|Any CPU.ActiveCfg = Release|Any CPU
		{7B1B5405-CE7F-48FC-BCEA-C7776E4789CA}.Release|Any CPU.Build.0 = Release|Any CPU
	EndGlobalSection
	GlobalSection(SolutionProperties) = preSolution
		HideSolutionNode = FALSE
	EndGlobalSection
	GlobalSection(ExtensibilityGlobals) = postSolution
		SolutionGuid = {D45563BA-FDFB-44F4-B6B8-C7AA38E8DA3A}
	EndGlobalSection
EndGlobal
